
Microsoft Visual Studio Solution File, Format Version 12.00
# Visual Studio 15
VisualStudioVersion = 15.0.28010.2003
MinimumVisualStudioVersion = 10.0.40219.1
Project("{FAE04EC0-301F-11D3-BF4B-00C04F79EFBC}") = "HW-02-Final", "HW-02-Final\HW-02-Final.csproj", "{0B1B986F-0817-4B29-BDB5-6F2E26D8A998}"
EndProject
Global
	GlobalSection(SolutionConfigurationPlatforms) = preSolution
		Debug|Any CPU = Debug|Any CPU
		Release|Any CPU = Release|Any CPU
	EndGlobalSection
	GlobalSection(ProjectConfigurationPlatforms) = postSolution
		{0B1B986F-0817-4B29-BDB5-6F2E26D8A998}.Debug|Any CPU.ActiveCfg = Debug|Any CPU
		{0B1B986F-0817-4B29-BDB5-6F2E26D8A998}.Debug|Any CPU.Build.0 = Debug|Any CPU
		{0B1B986F-0817-4B29-BDB5-6F2E26D8A998}.Release|Any CPU.ActiveCfg = Release|Any CPU
		{0B1B986F-0817-4B29-BDB5-6F2E26D8A998}.Release|Any CPU.Build.0 = Release|Any CPU
	EndGlobalSection
	GlobalSection(SolutionProperties) = preSolution
		HideSolutionNode = FALSE
	EndGlobalSection
	GlobalSection(ExtensibilityGlobals) = postSolution
		SolutionGuid = {D2E83724-51EB-4C4D-B900-FA333B7B62C2}
	EndGlobalSection
EndGlobal
